// !$*UTF8*$!
{
	archiveVersion = 1;
	classes = {
	};
	objectVersion = 46;
	objects = {

/* Begin PBXBuildFile section */
		FE147E461A282D970009D672 /* main.mm in Sources */ = {isa = PBXBuildFile; fileRef = FE147E451A282D970009D672 /* main.mm */; };
		FEAB92A41A2833C9005B6D35 /* libscws.1.dylib in Frameworks */ = {isa = PBXBuildFile; fileRef = FEAB92A31A2833C9005B6D35 /* libscws.1.dylib */; };
		FEAB93741A28BC90005B6D35 /* SMS.mm in Sources */ = {isa = PBXBuildFile; fileRef = FEAB93731A28BC90005B6D35 /* SMS.mm */; };
/* End PBXBuildFile section */

/* Begin PBXCopyFilesBuildPhase section */
		FE147E401A282D970009D672 /* CopyFiles */ = {
			isa = PBXCopyFilesBuildPhase;
			buildActionMask = 2147483647;
			dstPath = /usr/share/man/man1/;
			dstSubfolderSpec = 0;
			files = (
			);
			runOnlyForDeploymentPostprocessing = 1;
		};
/* End PBXCopyFilesBuildPhase section */

/* Begin PBXFileReference section */
		FE147E421A282D970009D672 /* BanTrashSMS */ = {isa = PBXFileReference; explicitFileType = "compiled.mach-o.executable"; includeInIndex = 0; path = BanTrashSMS; sourceTree = BUILT_PRODUCTS_DIR; };
		FE147E451A282D970009D672 /* main.mm */ = {isa = PBXFileReference; lastKnownFileType = sourcecode.cpp.objcpp; path = main.mm; sourceTree = "<group>"; };
		FEAB92A31A2833C9005B6D35 /* libscws.1.dylib */ = {isa = PBXFileReference; lastKnownFileType = "compiled.mach-o.dylib"; name = libscws.1.dylib; path = BanTrashSMS/libscws.1.dylib; sourceTree = "<group>"; };
		FEAB93721A28BC90005B6D35 /* SMS.h */ = {isa = PBXFileReference; fileEncoding = 4; lastKnownFileType = sourcecode.c.h; path = SMS.h; sourceTree = "<group>"; };
		FEAB93731A28BC90005B6D35 /* SMS.mm */ = {isa = PBXFileReference; fileEncoding = 4; lastKnownFileType = sourcecode.cpp.objcpp; path = SMS.mm; sourceTree = "<group>"; };
/* End PBXFileReference section */

/* Begin PBXFrameworksBuildPhase section */
		FE147E3F1A282D970009D672 /* Frameworks */ = {
			isa = PBXFrameworksBuildPhase;
			buildActionMask = 2147483647;
			files = (
				FEAB92A41A2833C9005B6D35 /* libscws.1.dylib in Frameworks */,
			);
			runOnlyForDeploymentPostprocessing = 0;
		};
/* End PBXFrameworksBuildPhase section */

/* Begin PBXGroup section */
		FE147E391A282D970009D672 = {
			isa = PBXGroup;
			children = (
				FEAB92A31A2833C9005B6D35 /* libscws.1.dylib */,
				FE147E441A282D970009D672 /* BanTrashSMS */,
				FE147E431A282D970009D672 /* Products */,
			);
			sourceTree = "<group>";
		};
		FE147E431A282D970009D672 /* Products */ = {
			isa = PBXGroup;
			children = (
				FE147E421A282D970009D672 /* BanTrashSMS */,
			);
			name = Products;
			sourceTree = "<group>";
		};
		FE147E441A282D970009D672 /* BanTrashSMS */ = {
			isa = PBXGroup;
			children = (
				FE147E451A282D970009D672 /* main.mm */,
				FEAB93721A28BC90005B6D35 /* SMS.h */,
				FEAB93731A28BC90005B6D35 /* SMS.mm */,
			);
			path = BanTrashSMS;
			sourceTree = "<group>";
		};
/* End PBXGroup section */

/* Begin PBXNativeTarget section */
		FE147E411A282D970009D672 /* BanTrashSMS */ = {
			isa = PBXNativeTarget;
			buildConfigurationList = FE147E491A282D970009D672 /* Build configuration list for PBXNativeTarget "BanTrashSMS" */;
			buildPhases = (
				FE147E3E1A282D970009D672 /* Sources */,
				FE147E3F1A282D970009D672 /* Frameworks */,
				FE147E401A282D970009D672 /* CopyFiles */,
			);
			buildRules = (
			);
			dependencies = (
			);
			name = BanTrashSMS;
			productName = BanTrashSMS;
			productReference = FE147E421A282D970009D672 /* BanTrashSMS */;
			productType = "com.apple.product-type.tool";
		};
/* End PBXNativeTarget section */

/* Begin PBXProject section */
		FE147E3A1A282D970009D672 /* Project object */ = {
			isa = PBXProject;
			attributes = {
				LastUpgradeCheck = 0610;
				ORGANIZATIONNAME = 0xBBC;
				TargetAttributes = {
					FE147E411A282D970009D672 = {
						CreatedOnToolsVersion = 6.1;
					};
				};
			};
			buildConfigurationList = FE147E3D1A282D970009D672 /* Build configuration list for PBXProject "BanTrashSMS" */;
			compatibilityVersion = "Xcode 3.2";
			developmentRegion = English;
			hasScannedForEncodings = 0;
			knownRegions = (
				en,
			);
			mainGroup = FE147E391A282D970009D672;
			productRefGroup = FE147E431A282D970009D672 /* Products */;
			projectDirPath = "";
			projectRoot = "";
			targets = (
				FE147E411A282D970009D672 /* BanTrashSMS */,
			);
		};
/* End PBXProject section */

/* Begin PBXSourcesBuildPhase section */
		FE147E3E1A282D970009D672 /* Sources */ = {
			isa = PBXSourcesBuildPhase;
			buildActionMask = 2147483647;
			files = (
				FE147E461A282D970009D672 /* main.mm in Sources */,
				FEAB93741A28BC90005B6D35 /* SMS.mm in Sources */,
			);
			runOnlyForDeploymentPostprocessing = 0;
		};
/* End PBXSourcesBuildPhase section */

/* Begin XCBuildConfiguration section */
		FE147E471A282D970009D672 /* Debug */ = {
			isa = XCBuildConfiguration;
			buildSettings = {
				ALWAYS_SEARCH_USER_PATHS = NO;
				CLANG_CXX_LANGUAGE_STANDARD = "gnu++0x";
				CLANG_CXX_LIBRARY = "libc++";
				CLANG_ENABLE_MODULES = YES;
				CLANG_ENABLE_OBJC_ARC = YES;
				CLANG_WARN_BOOL_CONVERSION = YES;
				CLANG_WARN_CONSTANT_CONVERSION = YES;
				CLANG_WARN_DIRECT_OBJC_ISA_USAGE = YES_ERROR;
				CLANG_WARN_EMPTY_BODY = YES;
				CLANG_WARN_ENUM_CONVERSION = YES;
				CLANG_WARN_INT_CONVERSION = YES;
				CLANG_WARN_OBJC_ROOT_CLASS = YES_ERROR;
				CLANG_WARN_UNREACHABLE_CODE = YES;
				CLANG_WARN__DUPLICATE_METHOD_MATCH = YES;
				COPY_PHASE_STRIP = NO;
				ENABLE_STRICT_OBJC_MSGSEND = YES;
				GCC_C_LANGUAGE_STANDARD = gnu99;
				GCC_DYNAMIC_NO_PIC = NO;
				GCC_OPTIMIZATION_LEVEL = 0;
				GCC_PREPROCESSOR_DEFINITIONS = (
					"DEBUG=1",
					"$(inherited)",
				);
				GCC_SYMBOLS_PRIVATE_EXTERN = NO;
				GCC_WARN_64_TO_32_BIT_CONVERSION = YES;
				GCC_WARN_ABOUT_RETURN_TYPE = YES_ERROR;
				GCC_WARN_UNDECLARED_SELECTOR = YES;
				GCC_WARN_UNINITIALIZED_AUTOS = YES_AGGRESSIVE;
				GCC_WARN_UNUSED_FUNCTION = YES;
				GCC_WARN_UNUSED_VARIABLE = YES;
				MACOSX_DEPLOYMENT_TARGET = 10.10;
				MTL_ENABLE_DEBUG_INFO = YES;
				ONLY_ACTIVE_ARCH = YES;
				SDKROOT = macosx;
			};
			name = Debug;
		};
		FE147E481A282D970009D672 /* Release */ = {
			isa = XCBuildConfiguration;
			buildSettings = {
				ALWAYS_SEARCH_USER_PATHS = NO;
				CLANG_CXX_LANGUAGE_STANDARD = "gnu++0x";
				CLANG_CXX_LIBRARY = "libc++";
				CLANG_ENABLE_MODULES = YES;
				CLANG_ENABLE_OBJC_ARC = YES;
				CLANG_WARN_BOOL_CONVERSION = YES;
				CLANG_WARN_CONSTANT_CONVERSION = YES;
				CLANG_WARN_DIRECT_OBJC_ISA_USAGE = YES_ERROR;
				CLANG_WARN_EMPTY_BODY = YES;
				CLANG_WARN_ENUM_CONVERSION = YES;
				CLANG_WARN_INT_CONVERSION = YES;
				CLANG_WARN_OBJC_ROOT_CLASS = YES_ERROR;
				CLANG_WARN_UNREACHABLE_CODE = YES;
				CLANG_WARN__DUPLICATE_METHOD_MATCH = YES;
				COPY_PHASE_STRIP = YES;
				DEBUG_INFORMATION_FORMAT = "dwarf-with-dsym";
				ENABLE_NS_ASSERTIONS = NO;
				ENABLE_STRICT_OBJC_MSGSEND = YES;
				GCC_C_LANGUAGE_STANDARD = gnu99;
				GCC_WARN_64_TO_32_BIT_CONVERSION = YES;
				GCC_WARN_ABOUT_RETURN_TYPE = YES_ERROR;
				GCC_WARN_UNDECLARED_SELECTOR = YES;
				GCC_WARN_UNINITIALIZED_AUTOS = YES_AGGRESSIVE;
				GCC_WARN_UNUSED_FUNCTION = YES;
				GCC_WARN_UNUSED_VARIABLE = YES;
				MACOSX_DEPLOYMENT_TARGET = 10.10;
				MTL_ENABLE_DEBUG_INFO = NO;
				SDKROOT = macosx;
			};
			name = Release;
		};
		FE147E4A1A282D970009D672 /* Debug */ = {
			isa = XCBuildConfiguration;
			buildSettings = {
				ALWAYS_SEARCH_USER_PATHS = NO;
				HEADER_SEARCH_PATHS = (
					"$(inherited)",
					/Applications/Xcode.app/Contents/Developer/Toolchains/XcodeDefault.xctoolchain/usr/include,
				);
				LIBRARY_SEARCH_PATHS = (
					"$(inherited)",
					"$(PROJECT_DIR)/BanTrashSMS",
				);
				PRODUCT_NAME = "$(TARGET_NAME)";
				PUBLIC_HEADERS_FOLDER_PATH = "";
				USER_HEADER_SEARCH_PATHS = "";
			};
			name = Debug;
		};
		FE147E4B1A282D970009D672 /* Release */ = {
			isa = XCBuildConfiguration;
			buildSettings = {
				ALWAYS_SEARCH_USER_PATHS = NO;
				HEADER_SEARCH_PATHS = (
					"$(inherited)",
					/Applications/Xcode.app/Contents/Developer/Toolchains/XcodeDefault.xctoolchain/usr/include,
				);
				LIBRARY_SEARCH_PATHS = (
					"$(inherited)",
					"$(PROJECT_DIR)/BanTrashSMS",
				);
				PRODUCT_NAME = "$(TARGET_NAME)";
				PUBLIC_HEADERS_FOLDER_PATH = "";
				USER_HEADER_SEARCH_PATHS = "";
			};
			name = Release;
		};
/* End XCBuildConfiguration section */

/* Begin XCConfigurationList section */
		FE147E3D1A282D970009D672 /* Build configuration list for PBXProject "BanTrashSMS" */ = {
			isa = XCConfigurationList;
			buildConfigurations = (
				FE147E471A282D970009D672 /* Debug */,
				FE147E481A282D970009D672 /* Release */,
			);
			defaultConfigurationIsVisible = 0;
			defaultConfigurationName = Release;
		};
		FE147E491A282D970009D672 /* Build configuration list for PBXNativeTarget "BanTrashSMS" */ = {
			isa = XCConfigurationList;
			buildConfigurations = (
				FE147E4A1A282D970009D672 /* Debug */,
				FE147E4B1A282D970009D672 /* Release */,
			);
			defaultConfigurationIsVisible = 0;
			defaultConfigurationName = Release;
		};
/* End XCConfigurationList section */
	};
	rootObject = FE147E3A1A282D970009D672 /* Project object */;
}
